
Microsoft Visual Studio Solution File, Format Version 12.00
# Visual Studio Version 16
VisualStudioVersion = 16.0.31005.135
MinimumVisualStudioVersion = 10.0.40219.1
Project("{FAE04EC0-301F-11D3-BF4B-00C04F79EFBC}") = "Picture Viewer", "Picture Viewer.csproj", "{C49B5FEC-E906-41B9-B189-06BB5F94C235}"
EndProject
Global
	GlobalSection(SolutionConfigurationPlatforms) = preSolution
		Debug|Any CPU = Debug|Any CPU
		Release|Any CPU = Release|Any CPU
	EndGlobalSection
	GlobalSection(ProjectConfigurationPlatforms) = postSolution
		{C49B5FEC-E906-41B9-B189-06BB5F94C235}.Debug|Any CPU.ActiveCfg = Debug|Any CPU
		{C49B5FEC-E906-41B9-B189-06BB5F94C235}.Debug|Any CPU.Build.0 = Debug|Any CPU
		{C49B5FEC-E906-41B9-B189-06BB5F94C235}.Release|Any CPU.ActiveCfg = Release|Any CPU
		{C49B5FEC-E906-41B9-B189-06BB5F94C235}.Release|Any CPU.Build.0 = Release|Any CPU
	EndGlobalSection
	GlobalSection(SolutionProperties) = preSolution
		HideSolutionNode = FALSE
	EndGlobalSection
	GlobalSection(ExtensibilityGlobals) = postSolution
		SolutionGuid = {5DB05796-EF09-4455-BA53-00EC527BEA87}
	EndGlobalSection
EndGlobal
